Microsoft Visual Studio Solution File, Format Version 12.00
# Visual Studio 15
VisualStudioVersion = 15.0.26606.0
MinimumVisualStudioVersion = 10.0.40219.1
Project("{FAE04EC0-301F-11D3-BF4B-00C04F79EFBC}") = "AssetTracking", "AssetTracking\AssetTracking.csproj", "{89AECB06-F3F4-416F-8B53-42833CCD2176}"
EndProject
Project("{FAE04EC0-301F-11D3-BF4B-00C04F79EFBC}") = "AssetTracking.iOS", "iOS\AssetTracking.iOS.csproj", "{6170DD04-E246-4D8E-B3B8-B0834C869A42}"
EndProject
Project("{FAE04EC0-301F-11D3-BF4B-00C04F79EFBC}") = "AssetTracking.Droid", "Droid\AssetTracking.Droid.csproj", "{5F6FADB9-B26D-477B-A025-F27C57CCE6A2}"
EndProject
Global
	GlobalSection(SolutionConfigurationPlatforms) = preSolution
		Debug|Any CPU = Debug|Any CPU
		Debug|iPhone = Debug|iPhone
		Debug|iPhoneSimulator = Debug|iPhoneSimulator
		Release|Any CPU = Release|Any CPU
		Release|iPhone = Release|iPhone
		Release|iPhoneSimulator = Release|iPhoneSimulator
	EndGlobalSection
	GlobalSection(ProjectConfigurationPlatforms) = postSolution
		{89AECB06-F3F4-416F-8B53-42833CCD2176}.Debug|Any CPU.ActiveCfg = Debug|Any CPU
		{89AECB06-F3F4-416F-8B53-42833CCD2176}.Debug|Any CPU.Build.0 = Debug|Any CPU
		{89AECB06-F3F4-416F-8B53-42833CCD2176}.Debug|iPhone.ActiveCfg = Debug|Any CPU
		{89AECB06-F3F4-416F-8B53-42833CCD2176}.Debug|iPhone.Build.0 = Debug|Any CPU
		{89AECB06-F3F4-416F-8B53-42833CCD2176}.Debug|iPhoneSimulator.ActiveCfg = Debug|Any CPU
		{89AECB06-F3F4-416F-8B53-42833CCD2176}.Debug|iPhoneSimulator.Build.0 = Debug|Any CPU
		{89AECB06-F3F4-416F-8B53-42833CCD2176}.Release|Any CPU.ActiveCfg = Release|Any CPU
		{89AECB06-F3F4-416F-8B53-42833CCD2176}.Release|Any CPU.Build.0 = Release|Any CPU
		{89AECB06-F3F4-416F-8B53-42833CCD2176}.Release|iPhone.ActiveCfg = Release|Any CPU
		{89AECB06-F3F4-416F-8B53-42833CCD2176}.Release|iPhone.Build.0 = Release|Any CPU
		{89AECB06-F3F4-416F-8B53-42833CCD2176}.Release|iPhoneSimulator.ActiveCfg = Release|Any CPU
		{89AECB06-F3F4-416F-8B53-42833CCD2176}.Release|iPhoneSimulator.Build.0 = Release|Any CPU
		{6170DD04-E246-4D8E-B3B8-B0834C869A42}.Debug|Any CPU.ActiveCfg = Debug|iPhoneSimulator
		{6170DD04-E246-4D8E-B3B8-B0834C869A42}.Debug|Any CPU.Build.0 = Debug|iPhoneSimulator
		{6170DD04-E246-4D8E-B3B8-B0834C869A42}.Debug|iPhone.ActiveCfg = Debug|iPhone
		{6170DD04-E246-4D8E-B3B8-B0834C869A42}.Debug|iPhone.Build.0 = Debug|iPhone
		{6170DD04-E246-4D8E-B3B8-B0834C869A42}.Debug|iPhoneSimulator.ActiveCfg = Debug|iPhoneSimulator
		{6170DD04-E246-4D8E-B3B8-B0834C869A42}.Debug|iPhoneSimulator.Build.0 = Debug|iPhoneSimulator
		{6170DD04-E246-4D8E-B3B8-B0834C869A42}.Release|Any CPU.ActiveCfg = Release|iPhone
		{6170DD04-E246-4D8E-B3B8-B0834C869A42}.Release|Any CPU.Build.0 = Release|iPhone
		{6170DD04-E246-4D8E-B3B8-B0834C869A42}.Release|iPhone.ActiveCfg = Release|iPhone
		{6170DD04-E246-4D8E-B3B8-B0834C869A42}.Release|iPhone.Build.0 = Release|iPhone
		{6170DD04-E246-4D8E-B3B8-B0834C869A42}.Release|iPhoneSimulator.ActiveCfg = Release|iPhoneSimulator
		{6170DD04-E246-4D8E-B3B8-B0834C869A42}.Release|iPhoneSimulator.Build.0 = Release|iPhoneSimulator
		{5F6FADB9-B26D-477B-A025-F27C57CCE6A2}.Debug|Any CPU.ActiveCfg = Debug|Any CPU
		{5F6FADB9-B26D-477B-A025-F27C57CCE6A2}.Debug|Any CPU.Build.0 = Debug|Any CPU
		{5F6FADB9-B26D-477B-A025-F27C57CCE6A2}.Debug|Any CPU.Deploy.0 = Debug|Any CPU
		{5F6FADB9-B26D-477B-A025-F27C57CCE6A2}.Debug|iPhone.ActiveCfg = Debug|Any CPU
		{5F6FADB9-B26D-477B-A025-F27C57CCE6A2}.Debug|iPhone.Build.0 = Debug|Any CPU
		{5F6FADB9-B26D-477B-A025-F27C57CCE6A2}.Debug|iPhoneSimulator.ActiveCfg = Debug|Any CPU
		{5F6FADB9-B26D-477B-A025-F27C57CCE6A2}.Debug|iPhoneSimulator.Build.0 = Debug|Any CPU
		{5F6FADB9-B26D-477B-A025-F27C57CCE6A2}.Release|Any CPU.ActiveCfg = Release|Any CPU
		{5F6FADB9-B26D-477B-A025-F27C57CCE6A2}.Release|Any CPU.Build.0 = Release|Any CPU
		{5F6FADB9-B26D-477B-A025-F27C57CCE6A2}.Release|iPhone.ActiveCfg = Release|Any CPU
		{5F6FADB9-B26D-477B-A025-F27C57CCE6A2}.Release|iPhone.Build.0 = Release|Any CPU
		{5F6FADB9-B26D-477B-A025-F27C57CCE6A2}.Release|iPhoneSimulator.ActiveCfg = Release|Any CPU
		{5F6FADB9-B26D-477B-A025-F27C57CCE6A2}.Release|iPhoneSimulator.Build.0 = Release|Any CPU
	EndGlobalSection
	GlobalSection(SolutionProperties) = preSolution
		HideSolutionNode = FALSE
	EndGlobalSection
EndGlobal
